
Microsoft Visual Studio Solution File, Format Version 12.00
# Visual Studio 15
VisualStudioVersion = 15.0.26430.6
MinimumVisualStudioVersion = 10.0.40219.1
Project("{9A19103F-16F7-4668-BE54-9A1E7A4F7556}") = "Plugin.Nfc", "Plugin.Nfc\Plugin.Nfc.csproj", "{EF8032D6-797E-49B9-A29D-CBB67CC893BF}"
EndProject
Project("{FAE04EC0-301F-11D3-BF4B-00C04F79EFBC}") = "Plugin.Nfc.Abstractions", "Plugin.Nfc.Abstractions\Plugin.Nfc.Abstractions.csproj", "{3D8B731C-FE80-4836-BA3A-15EAEEDAF2C6}"
EndProject
Project("{FAE04EC0-301F-11D3-BF4B-00C04F79EFBC}") = "Plugin.Nfc.Android", "Plugin.Nfc.Android\Plugin.Nfc.Android.csproj", "{A35338E6-D0F3-467C-98E0-B282555712D8}"
EndProject
Project("{FAE04EC0-301F-11D3-BF4B-00C04F79EFBC}") = "Plugin.Nfc.iOS", "Plugin.Nfc.iOS\Plugin.Nfc.iOS.csproj", "{0E5469E5-EC4E-4607-9F7A-5996B9EDEA2E}"
EndProject
Project("{FAE04EC0-301F-11D3-BF4B-00C04F79EFBC}") = "Plugin.Nfc.UWP", "Plugin.Nfc.UWP\Plugin.Nfc.UWP.csproj", "{ADE1F069-6B24-4366-96B2-D902F03A6410}"
EndProject
Project("{2150E333-8FDC-42A3-9474-1A3956D46DE8}") = "sample", "sample", "{C315E9C3-5473-45B9-AD7B-89770C80884A}"
EndProject
Project("{2150E333-8FDC-42A3-9474-1A3956D46DE8}") = ".build", ".build", "{C7ECAB12-2014-42C2-A2A3-076B18BBED74}"
	ProjectSection(SolutionItems) = preProject
		.build\build.fsx = .build\build.fsx
		.build\Plugin.Nfc.nuspec = .build\Plugin.Nfc.nuspec
	EndProjectSection
EndProject
Project("{FAE04EC0-301F-11D3-BF4B-00C04F79EFBC}") = "Nfc.Sample.Android", "sample\Nfc.Sample\Nfc.Sample.Android\Nfc.Sample.Android.csproj", "{BDED4F59-21AB-4375-A5DF-04A02E569AC6}"
EndProject
Project("{FAE04EC0-301F-11D3-BF4B-00C04F79EFBC}") = "Nfc.Sample", "sample\Nfc.Sample\Nfc.Sample\Nfc.Sample.csproj", "{0E460230-B0BF-4784-A0C0-77CFCB200145}"
EndProject
Project("{FAE04EC0-301F-11D3-BF4B-00C04F79EFBC}") = "Nfc.Sample.UWP", "sample\Nfc.Sample\Nfc.Sample.UWP\Nfc.Sample.UWP.csproj", "{415714C8-3546-410C-AFF1-BF7BF104E37A}"
EndProject
Project("{FAE04EC0-301F-11D3-BF4B-00C04F79EFBC}") = "Nfc.Sample.iOS", "sample\Nfc.Sample\Nfc.Sample.iOS\Nfc.Sample.iOS.csproj", "{F8FDEC11-C2E0-4431-8732-CB2DDA27D5CB}"
EndProject
Global
	GlobalSection(SolutionConfigurationPlatforms) = preSolution
		Ad-Hoc|Any CPU = Ad-Hoc|Any CPU
		Ad-Hoc|ARM = Ad-Hoc|ARM
		Ad-Hoc|iPhone = Ad-Hoc|iPhone
		Ad-Hoc|iPhoneSimulator = Ad-Hoc|iPhoneSimulator
		Ad-Hoc|x64 = Ad-Hoc|x64
		Ad-Hoc|x86 = Ad-Hoc|x86
		AppStore|Any CPU = AppStore|Any CPU
		AppStore|ARM = AppStore|ARM
		AppStore|iPhone = AppStore|iPhone
		AppStore|iPhoneSimulator = AppStore|iPhoneSimulator
		AppStore|x64 = AppStore|x64
		AppStore|x86 = AppStore|x86
		Debug|Any CPU = Debug|Any CPU
		Debug|ARM = Debug|ARM
		Debug|iPhone = Debug|iPhone
		Debug|iPhoneSimulator = Debug|iPhoneSimulator
		Debug|x64 = Debug|x64
		Debug|x86 = Debug|x86
		Release|Any CPU = Release|Any CPU
		Release|ARM = Release|ARM
		Release|iPhone = Release|iPhone
		Release|iPhoneSimulator = Release|iPhoneSimulator
		Release|x64 = Release|x64
		Release|x86 = Release|x86
	EndGlobalSection
	GlobalSection(ProjectConfigurationPlatforms) = postSolution
		{EF8032D6-797E-49B9-A29D-CBB67CC893BF}.Ad-Hoc|Any CPU.ActiveCfg = Release|Any CPU
		{EF8032D6-797E-49B9-A29D-CBB67CC893BF}.Ad-Hoc|Any CPU.Build.0 = Release|Any CPU
		{EF8032D6-797E-49B9-A29D-CBB67CC893BF}.Ad-Hoc|ARM.ActiveCfg = Release|Any CPU
		{EF8032D6-797E-49B9-A29D-CBB67CC893BF}.Ad-Hoc|ARM.Build.0 = Release|Any CPU
		{EF8032D6-797E-49B9-A29D-CBB67CC893BF}.Ad-Hoc|iPhone.ActiveCfg = Release|Any CPU
		{EF8032D6-797E-49B9-A29D-CBB67CC893BF}.Ad-Hoc|iPhone.Build.0 = Release|Any CPU
		{EF8032D6-797E-49B9-A29D-CBB67CC893BF}.Ad-Hoc|iPhoneSimulator.ActiveCfg = Release|Any CPU
		{EF8032D6-797E-49B9-A29D-CBB67CC893BF}.Ad-Hoc|iPhoneSimulator.Build.0 = Release|Any CPU
		{EF8032D6-797E-49B9-A29D-CBB67CC893BF}.Ad-Hoc|x64.ActiveCfg = Release|Any CPU
		{EF8032D6-797E-49B9-A29D-CBB67CC893BF}.Ad-Hoc|x64.Build.0 = Release|Any CPU
		{EF8032D6-797E-49B9-A29D-CBB67CC893BF}.Ad-Hoc|x86.ActiveCfg = Release|Any CPU
		{EF8032D6-797E-49B9-A29D-CBB67CC893BF}.Ad-Hoc|x86.Build.0 = Release|Any CPU
		{EF8032D6-797E-49B9-A29D-CBB67CC893BF}.AppStore|Any CPU.ActiveCfg = Release|Any CPU
		{EF8032D6-797E-49B9-A29D-CBB67CC893BF}.AppStore|Any CPU.Build.0 = Release|Any CPU
		{EF8032D6-797E-49B9-A29D-CBB67CC893BF}.AppStore|ARM.ActiveCfg = Release|Any CPU
		{EF8032D6-797E-49B9-A29D-CBB67CC893BF}.AppStore|ARM.Build.0 = Release|Any CPU
		{EF8032D6-797E-49B9-A29D-CBB67CC893BF}.AppStore|iPhone.ActiveCfg = Release|Any CPU
		{EF8032D6-797E-49B9-A29D-CBB67CC893BF}.AppStore|iPhone.Build.0 = Release|Any CPU
		{EF8032D6-797E-49B9-A29D-CBB67CC893BF}.AppStore|iPhoneSimulator.ActiveCfg = Release|Any CPU
		{EF8032D6-797E-49B9-A29D-CBB67CC893BF}.AppStore|iPhoneSimulator.Build.0 = Release|Any CPU
		{EF8032D6-797E-49B9-A29D-CBB67CC893BF}.AppStore|x64.ActiveCfg = Release|Any CPU
		{EF8032D6-797E-49B9-A29D-CBB67CC893BF}.AppStore|x64.Build.0 = Release|Any CPU
		{EF8032D6-797E-49B9-A29D-CBB67CC893BF}.AppStore|x86.ActiveCfg = Release|Any CPU
		{EF8032D6-797E-49B9-A29D-CBB67CC893BF}.AppStore|x86.Build.0 = Release|Any CPU
		{EF8032D6-797E-49B9-A29D-CBB67CC893BF}.Debug|Any CPU.ActiveCfg = Debug|Any CPU
		{EF8032D6-797E-49B9-A29D-CBB67CC893BF}.Debug|Any CPU.Build.0 = Debug|Any CPU
		{EF8032D6-797E-49B9-A29D-CBB67CC893BF}.Debug|ARM.ActiveCfg = Debug|Any CPU
		{EF8032D6-797E-49B9-A29D-CBB67CC893BF}.Debug|ARM.Build.0 = Debug|Any CPU
		{EF8032D6-797E-49B9-A29D-CBB67CC893BF}.Debug|iPhone.ActiveCfg = Debug|Any CPU
		{EF8032D6-797E-49B9-A29D-CBB67CC893BF}.Debug|iPhone.Build.0 = Debug|Any CPU
		{EF8032D6-797E-49B9-A29D-CBB67CC893BF}.Debug|iPhoneSimulator.ActiveCfg = Debug|Any CPU
		{EF8032D6-797E-49B9-A29D-CBB67CC893BF}.Debug|iPhoneSimulator.Build.0 = Debug|Any CPU
		{EF8032D6-797E-49B9-A29D-CBB67CC893BF}.Debug|x64.ActiveCfg = Debug|Any CPU
		{EF8032D6-797E-49B9-A29D-CBB67CC893BF}.Debug|x64.Build.0 = Debug|Any CPU
		{EF8032D6-797E-49B9-A29D-CBB67CC893BF}.Debug|x86.ActiveCfg = Debug|Any CPU
		{EF8032D6-797E-49B9-A29D-CBB67CC893BF}.Debug|x86.Build.0 = Debug|Any CPU
		{EF8032D6-797E-49B9-A29D-CBB67CC893BF}.Release|Any CPU.ActiveCfg = Release|Any CPU
		{EF8032D6-797E-49B9-A29D-CBB67CC893BF}.Release|Any CPU.Build.0 = Release|Any CPU
		{EF8032D6-797E-49B9-A29D-CBB67CC893BF}.Release|ARM.ActiveCfg = Release|Any CPU
		{EF8032D6-797E-49B9-A29D-CBB67CC893BF}.Release|ARM.Build.0 = Release|Any CPU
		{EF8032D6-797E-49B9-A29D-CBB67CC893BF}.Release|iPhone.ActiveCfg = Release|Any CPU
		{EF8032D6-797E-49B9-A29D-CBB67CC893BF}.Release|iPhone.Build.0 = Release|Any CPU
		{EF8032D6-797E-49B9-A29D-CBB67CC893BF}.Release|iPhoneSimulator.ActiveCfg = Release|Any CPU
		{EF8032D6-797E-49B9-A29D-CBB67CC893BF}.Release|iPhoneSimulator.Build.0 = Release|Any CPU
		{EF8032D6-797E-49B9-A29D-CBB67CC893BF}.Release|x64.ActiveCfg = Release|Any CPU
		{EF8032D6-797E-49B9-A29D-CBB67CC893BF}.Release|x64.Build.0 = Release|Any CPU
		{EF8032D6-797E-49B9-A29D-CBB67CC893BF}.Release|x86.ActiveCfg = Release|Any CPU
		{EF8032D6-797E-49B9-A29D-CBB67CC893BF}.Release|x86.Build.0 = Release|Any CPU
		{3D8B731C-FE80-4836-BA3A-15EAEEDAF2C6}.Ad-Hoc|Any CPU.ActiveCfg = Release|Any CPU
		{3D8B731C-FE80-4836-BA3A-15EAEEDAF2C6}.Ad-Hoc|Any CPU.Build.0 = Release|Any CPU
		{3D8B731C-FE80-4836-BA3A-15EAEEDAF2C6}.Ad-Hoc|ARM.ActiveCfg = Release|Any CPU
		{3D8B731C-FE80-4836-BA3A-15EAEEDAF2C6}.Ad-Hoc|ARM.Build.0 = Release|Any CPU
		{3D8B731C-FE80-4836-BA3A-15EAEEDAF2C6}.Ad-Hoc|iPhone.ActiveCfg = Release|Any CPU
		{3D8B731C-FE80-4836-BA3A-15EAEEDAF2C6}.Ad-Hoc|iPhone.Build.0 = Release|Any CPU
		{3D8B731C-FE80-4836-BA3A-15EAEEDAF2C6}.Ad-Hoc|iPhoneSimulator.ActiveCfg = Release|Any CPU
		{3D8B731C-FE80-4836-BA3A-15EAEEDAF2C6}.Ad-Hoc|iPhoneSimulator.Build.0 = Release|Any CPU
		{3D8B731C-FE80-4836-BA3A-15EAEEDAF2C6}.Ad-Hoc|x64.ActiveCfg = Release|Any CPU
		{3D8B731C-FE80-4836-BA3A-15EAEEDAF2C6}.Ad-Hoc|x64.Build.0 = Release|Any CPU
		{3D8B731C-FE80-4836-BA3A-15EAEEDAF2C6}.Ad-Hoc|x86.ActiveCfg = Release|Any CPU
		{3D8B731C-FE80-4836-BA3A-15EAEEDAF2C6}.Ad-Hoc|x86.Build.0 = Release|Any CPU
		{3D8B731C-FE80-4836-BA3A-15EAEEDAF2C6}.AppStore|Any CPU.ActiveCfg = Release|Any CPU
		{3D8B731C-FE80-4836-BA3A-15EAEEDAF2C6}.AppStore|Any CPU.Build.0 = Release|Any CPU
		{3D8B731C-FE80-4836-BA3A-15EAEEDAF2C6}.AppStore|ARM.ActiveCfg = Release|Any CPU
		{3D8B731C-FE80-4836-BA3A-15EAEEDAF2C6}.AppStore|ARM.Build.0 = Release|Any CPU
		{3D8B731C-FE80-4836-BA3A-15EAEEDAF2C6}.AppStore|iPhone.ActiveCfg = Release|Any CPU
		{3D8B731C-FE80-4836-BA3A-15EAEEDAF2C6}.AppStore|iPhone.Build.0 = Release|Any CPU
		{3D8B731C-FE80-4836-BA3A-15EAEEDAF2C6}.AppStore|iPhoneSimulator.ActiveCfg = Release|Any CPU
		{3D8B731C-FE80-4836-BA3A-15EAEEDAF2C6}.AppStore|iPhoneSimulator.Build.0 = Release|Any CPU
		{3D8B731C-FE80-4836-BA3A-15EAEEDAF2C6}.AppStore|x64.ActiveCfg = Release|Any CPU
		{3D8B731C-FE80-4836-BA3A-15EAEEDAF2C6}.AppStore|x64.Build.0 = Release|Any CPU
		{3D8B731C-FE80-4836-BA3A-15EAEEDAF2C6}.AppStore|x86.ActiveCfg = Release|Any CPU
		{3D8B731C-FE80-4836-BA3A-15EAEEDAF2C6}.AppStore|x86.Build.0 = Release|Any CPU
		{3D8B731C-FE80-4836-BA3A-15EAEEDAF2C6}.Debug|Any CPU.ActiveCfg = Debug|Any CPU
		{3D8B731C-FE80-4836-BA3A-15EAEEDAF2C6}.Debug|Any CPU.Build.0 = Debug|Any CPU
		{3D8B731C-FE80-4836-BA3A-15EAEEDAF2C6}.Debug|ARM.ActiveCfg = Debug|Any CPU
		{3D8B731C-FE80-4836-BA3A-15EAEEDAF2C6}.Debug|ARM.Build.0 = Debug|Any CPU
		{3D8B731C-FE80-4836-BA3A-15EAEEDAF2C6}.Debug|iPhone.ActiveCfg = Debug|Any CPU
		{3D8B731C-FE80-4836-BA3A-15EAEEDAF2C6}.Debug|iPhone.Build.0 = Debug|Any CPU
		{3D8B731C-FE80-4836-BA3A-15EAEEDAF2C6}.Debug|iPhoneSimulator.ActiveCfg = Debug|Any CPU
		{3D8B731C-FE80-4836-BA3A-15EAEEDAF2C6}.Debug|iPhoneSimulator.Build.0 = Debug|Any CPU
		{3D8B731C-FE80-4836-BA3A-15EAEEDAF2C6}.Debug|x64.ActiveCfg = Debug|Any CPU
		{3D8B731C-FE80-4836-BA3A-15EAEEDAF2C6}.Debug|x64.Build.0 = Debug|Any CPU
		{3D8B731C-FE80-4836-BA3A-15EAEEDAF2C6}.Debug|x86.ActiveCfg = Debug|Any CPU
		{3D8B731C-FE80-4836-BA3A-15EAEEDAF2C6}.Debug|x86.Build.0 = Debug|Any CPU
		{3D8B731C-FE80-4836-BA3A-15EAEEDAF2C6}.Release|Any CPU.ActiveCfg = Release|Any CPU
		{3D8B731C-FE80-4836-BA3A-15EAEEDAF2C6}.Release|Any CPU.Build.0 = Release|Any CPU
		{3D8B731C-FE80-4836-BA3A-15EAEEDAF2C6}.Release|ARM.ActiveCfg = Release|Any CPU
		{3D8B731C-FE80-4836-BA3A-15EAEEDAF2C6}.Release|ARM.Build.0 = Release|Any CPU
		{3D8B731C-FE80-4836-BA3A-15EAEEDAF2C6}.Release|iPhone.ActiveCfg = Release|Any CPU
		{3D8B731C-FE80-4836-BA3A-15EAEEDAF2C6}.Release|iPhone.Build.0 = Release|Any CPU
		{3D8B731C-FE80-4836-BA3A-15EAEEDAF2C6}.Release|iPhoneSimulator.ActiveCfg = Release|Any CPU
		{3D8B731C-FE80-4836-BA3A-15EAEEDAF2C6}.Release|iPhoneSimulator.Build.0 = Release|Any CPU
		{3D8B731C-FE80-4836-BA3A-15EAEEDAF2C6}.Release|x64.ActiveCfg = Release|Any CPU
		{3D8B731C-FE80-4836-BA3A-15EAEEDAF2C6}.Release|x64.Build.0 = Release|Any CPU
		{3D8B731C-FE80-4836-BA3A-15EAEEDAF2C6}.Release|x86.ActiveCfg = Release|Any CPU
		{3D8B731C-FE80-4836-BA3A-15EAEEDAF2C6}.Release|x86.Build.0 = Release|Any CPU
		{A35338E6-D0F3-467C-98E0-B282555712D8}.Ad-Hoc|Any CPU.ActiveCfg = Release|Any CPU
		{A35338E6-D0F3-467C-98E0-B282555712D8}.Ad-Hoc|Any CPU.Build.0 = Release|Any CPU
		{A35338E6-D0F3-467C-98E0-B282555712D8}.Ad-Hoc|ARM.ActiveCfg = Release|Any CPU
		{A35338E6-D0F3-467C-98E0-B282555712D8}.Ad-Hoc|ARM.Build.0 = Release|Any CPU
		{A35338E6-D0F3-467C-98E0-B282555712D8}.Ad-Hoc|iPhone.ActiveCfg = Release|Any CPU
		{A35338E6-D0F3-467C-98E0-B282555712D8}.Ad-Hoc|iPhone.Build.0 = Release|Any CPU
		{A35338E6-D0F3-467C-98E0-B282555712D8}.Ad-Hoc|iPhoneSimulator.ActiveCfg = Release|Any CPU
		{A35338E6-D0F3-467C-98E0-B282555712D8}.Ad-Hoc|iPhoneSimulator.Build.0 = Release|Any CPU
		{A35338E6-D0F3-467C-98E0-B282555712D8}.Ad-Hoc|x64.ActiveCfg = Release|Any CPU
		{A35338E6-D0F3-467C-98E0-B282555712D8}.Ad-Hoc|x64.Build.0 = Release|Any CPU
		{A35338E6-D0F3-467C-98E0-B282555712D8}.Ad-Hoc|x86.ActiveCfg = Release|Any CPU
		{A35338E6-D0F3-467C-98E0-B282555712D8}.Ad-Hoc|x86.Build.0 = Release|Any CPU
		{A35338E6-D0F3-467C-98E0-B282555712D8}.AppStore|Any CPU.ActiveCfg = Release|Any CPU
		{A35338E6-D0F3-467C-98E0-B282555712D8}.AppStore|Any CPU.Build.0 = Release|Any CPU
		{A35338E6-D0F3-467C-98E0-B282555712D8}.AppStore|ARM.ActiveCfg = Release|Any CPU
		{A35338E6-D0F3-467C-98E0-B282555712D8}.AppStore|ARM.Build.0 = Release|Any CPU
		{A35338E6-D0F3-467C-98E0-B282555712D8}.AppStore|iPhone.ActiveCfg = Release|Any CPU
		{A35338E6-D0F3-467C-98E0-B282555712D8}.AppStore|iPhone.Build.0 = Release|Any CPU
		{A35338E6-D0F3-467C-98E0-B282555712D8}.AppStore|iPhoneSimulator.ActiveCfg = Release|Any CPU
		{A35338E6-D0F3-467C-98E0-B282555712D8}.AppStore|iPhoneSimulator.Build.0 = Release|Any CPU
		{A35338E6-D0F3-467C-98E0-B282555712D8}.AppStore|x64.ActiveCfg = Release|Any CPU
		{A35338E6-D0F3-467C-98E0-B282555712D8}.AppStore|x64.Build.0 = Release|Any CPU
		{A35338E6-D0F3-467C-98E0-B282555712D8}.AppStore|x86.ActiveCfg = Release|Any CPU
		{A35338E6-D0F3-467C-98E0-B282555712D8}.AppStore|x86.Build.0 = Release|Any CPU
		{A35338E6-D0F3-467C-98E0-B282555712D8}.Debug|Any CPU.ActiveCfg = Debug|Any CPU
		{A35338E6-D0F3-467C-98E0-B282555712D8}.Debug|Any CPU.Build.0 = Debug|Any CPU
		{A35338E6-D0F3-467C-98E0-B282555712D8}.Debug|ARM.ActiveCfg = Debug|Any CPU
		{A35338E6-D0F3-467C-98E0-B282555712D8}.Debug|ARM.Build.0 = Debug|Any CPU
		{A35338E6-D0F3-467C-98E0-B282555712D8}.Debug|iPhone.ActiveCfg = Debug|Any CPU
		{A35338E6-D0F3-467C-98E0-B282555712D8}.Debug|iPhone.Build.0 = Debug|Any CPU
		{A35338E6-D0F3-467C-98E0-B282555712D8}.Debug|iPhoneSimulator.ActiveCfg = Debug|Any CPU
		{A35338E6-D0F3-467C-98E0-B282555712D8}.Debug|iPhoneSimulator.Build.0 = Debug|Any CPU
		{A35338E6-D0F3-467C-98E0-B282555712D8}.Debug|x64.ActiveCfg = Debug|Any CPU
		{A35338E6-D0F3-467C-98E0-B282555712D8}.Debug|x64.Build.0 = Debug|Any CPU
		{A35338E6-D0F3-467C-98E0-B282555712D8}.Debug|x86.ActiveCfg = Debug|Any CPU
		{A35338E6-D0F3-467C-98E0-B282555712D8}.Debug|x86.Build.0 = Debug|Any CPU
		{A35338E6-D0F3-467C-98E0-B282555712D8}.Release|Any CPU.ActiveCfg = Release|Any CPU
		{A35338E6-D0F3-467C-98E0-B282555712D8}.Release|Any CPU.Build.0 = Release|Any CPU
		{A35338E6-D0F3-467C-98E0-B282555712D8}.Release|ARM.ActiveCfg = Release|Any CPU
		{A35338E6-D0F3-467C-98E0-B282555712D8}.Release|ARM.Build.0 = Release|Any CPU
		{A35338E6-D0F3-467C-98E0-B282555712D8}.Release|iPhone.ActiveCfg = Release|Any CPU
		{A35338E6-D0F3-467C-98E0-B282555712D8}.Release|iPhone.Build.0 = Release|Any CPU
		{A35338E6-D0F3-467C-98E0-B282555712D8}.Release|iPhoneSimulator.ActiveCfg = Release|Any CPU
		{A35338E6-D0F3-467C-98E0-B282555712D8}.Release|iPhoneSimulator.Build.0 = Release|Any CPU
		{A35338E6-D0F3-467C-98E0-B282555712D8}.Release|x64.ActiveCfg = Release|Any CPU
		{A35338E6-D0F3-467C-98E0-B282555712D8}.Release|x64.Build.0 = Release|Any CPU
		{A35338E6-D0F3-467C-98E0-B282555712D8}.Release|x86.ActiveCfg = Release|Any CPU
		{A35338E6-D0F3-467C-98E0-B282555712D8}.Release|x86.Build.0 = Release|Any CPU
		{0E5469E5-EC4E-4607-9F7A-5996B9EDEA2E}.Ad-Hoc|Any CPU.ActiveCfg = Release|Any CPU
		{0E5469E5-EC4E-4607-9F7A-5996B9EDEA2E}.Ad-Hoc|Any CPU.Build.0 = Release|Any CPU
		{0E5469E5-EC4E-4607-9F7A-5996B9EDEA2E}.Ad-Hoc|ARM.ActiveCfg = Release|Any CPU
		{0E5469E5-EC4E-4607-9F7A-5996B9EDEA2E}.Ad-Hoc|ARM.Build.0 = Release|Any CPU
		{0E5469E5-EC4E-4607-9F7A-5996B9EDEA2E}.Ad-Hoc|iPhone.ActiveCfg = Release|Any CPU
		{0E5469E5-EC4E-4607-9F7A-5996B9EDEA2E}.Ad-Hoc|iPhone.Build.0 = Release|Any CPU
		{0E5469E5-EC4E-4607-9F7A-5996B9EDEA2E}.Ad-Hoc|iPhoneSimulator.ActiveCfg = Release|Any CPU
		{0E5469E5-EC4E-4607-9F7A-5996B9EDEA2E}.Ad-Hoc|iPhoneSimulator.Build.0 = Release|Any CPU
		{0E5469E5-EC4E-4607-9F7A-5996B9EDEA2E}.Ad-Hoc|x64.ActiveCfg = Release|Any CPU
		{0E5469E5-EC4E-4607-9F7A-5996B9EDEA2E}.Ad-Hoc|x64.Build.0 = Release|Any CPU
		{0E5469E5-EC4E-4607-9F7A-5996B9EDEA2E}.Ad-Hoc|x86.ActiveCfg = Release|Any CPU
		{0E5469E5-EC4E-4607-9F7A-5996B9EDEA2E}.Ad-Hoc|x86.Build.0 = Release|Any CPU
		{0E5469E5-EC4E-4607-9F7A-5996B9EDEA2E}.AppStore|Any CPU.ActiveCfg = Release|Any CPU
		{0E5469E5-EC4E-4607-9F7A-5996B9EDEA2E}.AppStore|Any CPU.Build.0 = Release|Any CPU
		{0E5469E5-EC4E-4607-9F7A-5996B9EDEA2E}.AppStore|ARM.ActiveCfg = Release|Any CPU
		{0E5469E5-EC4E-4607-9F7A-5996B9EDEA2E}.AppStore|ARM.Build.0 = Release|Any CPU
		{0E5469E5-EC4E-4607-9F7A-5996B9EDEA2E}.AppStore|iPhone.ActiveCfg = Release|Any CPU
		{0E5469E5-EC4E-4607-9F7A-5996B9EDEA2E}.AppStore|iPhone.Build.0 = Release|Any CPU
		{0E5469E5-EC4E-4607-9F7A-5996B9EDEA2E}.AppStore|iPhoneSimulator.ActiveCfg = Release|Any CPU
		{0E5469E5-EC4E-4607-9F7A-5996B9EDEA2E}.AppStore|iPhoneSimulator.Build.0 = Release|Any CPU
		{0E5469E5-EC4E-4607-9F7A-5996B9EDEA2E}.AppStore|x64.ActiveCfg = Release|Any CPU
		{0E5469E5-EC4E-4607-9F7A-5996B9EDEA2E}.AppStore|x64.Build.0 = Release|Any CPU
		{0E5469E5-EC4E-4607-9F7A-5996B9EDEA2E}.AppStore|x86.ActiveCfg = Release|Any CPU
		{0E5469E5-EC4E-4607-9F7A-5996B9EDEA2E}.AppStore|x86.Build.0 = Release|Any CPU
		{0E5469E5-EC4E-4607-9F7A-5996B9EDEA2E}.Debug|Any CPU.ActiveCfg = Debug|Any CPU
		{0E5469E5-EC4E-4607-9F7A-5996B9EDEA2E}.Debug|Any CPU.Build.0 = Debug|Any CPU
		{0E5469E5-EC4E-4607-9F7A-5996B9EDEA2E}.Debug|ARM.ActiveCfg = Debug|Any CPU
		{0E5469E5-EC4E-4607-9F7A-5996B9EDEA2E}.Debug|ARM.Build.0 = Debug|Any CPU
		{0E5469E5-EC4E-4607-9F7A-5996B9EDEA2E}.Debug|iPhone.ActiveCfg = Debug|Any CPU
		{0E5469E5-EC4E-4607-9F7A-5996B9EDEA2E}.Debug|iPhone.Build.0 = Debug|Any CPU
		{0E5469E5-EC4E-4607-9F7A-5996B9EDEA2E}.Debug|iPhoneSimulator.ActiveCfg = Debug|Any CPU
		{0E5469E5-EC4E-4607-9F7A-5996B9EDEA2E}.Debug|iPhoneSimulator.Build.0 = Debug|Any CPU
		{0E5469E5-EC4E-4607-9F7A-5996B9EDEA2E}.Debug|x64.ActiveCfg = Debug|Any CPU
		{0E5469E5-EC4E-4607-9F7A-5996B9EDEA2E}.Debug|x64.Build.0 = Debug|Any CPU
		{0E5469E5-EC4E-4607-9F7A-5996B9EDEA2E}.Debug|x86.ActiveCfg = Debug|Any CPU
		{0E5469E5-EC4E-4607-9F7A-5996B9EDEA2E}.Debug|x86.Build.0 = Debug|Any CPU
		{0E5469E5-EC4E-4607-9F7A-5996B9EDEA2E}.Release|Any CPU.ActiveCfg = Release|Any CPU
		{0E5469E5-EC4E-4607-9F7A-5996B9EDEA2E}.Release|Any CPU.Build.0 = Release|Any CPU
		{0E5469E5-EC4E-4607-9F7A-5996B9EDEA2E}.Release|ARM.ActiveCfg = Release|Any CPU
		{0E5469E5-EC4E-4607-9F7A-5996B9EDEA2E}.Release|ARM.Build.0 = Release|Any CPU
		{0E5469E5-EC4E-4607-9F7A-5996B9EDEA2E}.Release|iPhone.ActiveCfg = Release|Any CPU
		{0E5469E5-EC4E-4607-9F7A-5996B9EDEA2E}.Release|iPhone.Build.0 = Release|Any CPU
		{0E5469E5-EC4E-4607-9F7A-5996B9EDEA2E}.Release|iPhoneSimulator.ActiveCfg = Release|Any CPU
		{0E5469E5-EC4E-4607-9F7A-5996B9EDEA2E}.Release|iPhoneSimulator.Build.0 = Release|Any CPU
		{0E5469E5-EC4E-4607-9F7A-5996B9EDEA2E}.Release|x64.ActiveCfg = Release|Any CPU
		{0E5469E5-EC4E-4607-9F7A-5996B9EDEA2E}.Release|x64.Build.0 = Release|Any CPU
		{0E5469E5-EC4E-4607-9F7A-5996B9EDEA2E}.Release|x86.ActiveCfg = Release|Any CPU
		{0E5469E5-EC4E-4607-9F7A-5996B9EDEA2E}.Release|x86.Build.0 = Release|Any CPU
		{ADE1F069-6B24-4366-96B2-D902F03A6410}.Ad-Hoc|Any CPU.ActiveCfg = Release|Any CPU
		{ADE1F069-6B24-4366-96B2-D902F03A6410}.Ad-Hoc|Any CPU.Build.0 = Release|Any CPU
		{ADE1F069-6B24-4366-96B2-D902F03A6410}.Ad-Hoc|ARM.ActiveCfg = Release|ARM
		{ADE1F069-6B24-4366-96B2-D902F03A6410}.Ad-Hoc|ARM.Build.0 = Release|ARM
		{ADE1F069-6B24-4366-96B2-D902F03A6410}.Ad-Hoc|iPhone.ActiveCfg = Release|Any CPU
		{ADE1F069-6B24-4366-96B2-D902F03A6410}.Ad-Hoc|iPhone.Build.0 = Release|Any CPU
		{ADE1F069-6B24-4366-96B2-D902F03A6410}.Ad-Hoc|iPhoneSimulator.ActiveCfg = Release|Any CPU
		{ADE1F069-6B24-4366-96B2-D902F03A6410}.Ad-Hoc|iPhoneSimulator.Build.0 = Release|Any CPU
		{ADE1F069-6B24-4366-96B2-D902F03A6410}.Ad-Hoc|x64.ActiveCfg = Release|x64
		{ADE1F069-6B24-4366-96B2-D902F03A6410}.Ad-Hoc|x64.Build.0 = Release|x64
		{ADE1F069-6B24-4366-96B2-D902F03A6410}.Ad-Hoc|x86.ActiveCfg = Release|x86
		{ADE1F069-6B24-4366-96B2-D902F03A6410}.Ad-Hoc|x86.Build.0 = Release|x86
		{ADE1F069-6B24-4366-96B2-D902F03A6410}.AppStore|Any CPU.ActiveCfg = Release|Any CPU
		{ADE1F069-6B24-4366-96B2-D902F03A6410}.AppStore|Any CPU.Build.0 = Release|Any CPU
		{ADE1F069-6B24-4366-96B2-D902F03A6410}.AppStore|ARM.ActiveCfg = Release|ARM
		{ADE1F069-6B24-4366-96B2-D902F03A6410}.AppStore|ARM.Build.0 = Release|ARM
		{ADE1F069-6B24-4366-96B2-D902F03A6410}.AppStore|iPhone.ActiveCfg = Release|Any CPU
		{ADE1F069-6B24-4366-96B2-D902F03A6410}.AppStore|iPhone.Build.0 = Release|Any CPU
		{ADE1F069-6B24-4366-96B2-D902F03A6410}.AppStore|iPhoneSimulator.ActiveCfg = Release|Any CPU
		{ADE1F069-6B24-4366-96B2-D902F03A6410}.AppStore|iPhoneSimulator.Build.0 = Release|Any CPU
		{ADE1F069-6B24-4366-96B2-D902F03A6410}.AppStore|x64.ActiveCfg = Release|x64
		{ADE1F069-6B24-4366-96B2-D902F03A6410}.AppStore|x64.Build.0 = Release|x64
		{ADE1F069-6B24-4366-96B2-D902F03A6410}.AppStore|x86.ActiveCfg = Release|x86
		{ADE1F069-6B24-4366-96B2-D902F03A6410}.AppStore|x86.Build.0 = Release|x86
		{ADE1F069-6B24-4366-96B2-D902F03A6410}.Debug|Any CPU.ActiveCfg = Debug|Any CPU
		{ADE1F069-6B24-4366-96B2-D902F03A6410}.Debug|Any CPU.Build.0 = Debug|Any CPU
		{ADE1F069-6B24-4366-96B2-D902F03A6410}.Debug|ARM.ActiveCfg = Debug|ARM
		{ADE1F069-6B24-4366-96B2-D902F03A6410}.Debug|ARM.Build.0 = Debug|ARM
		{ADE1F069-6B24-4366-96B2-D902F03A6410}.Debug|iPhone.ActiveCfg = Debug|Any CPU
		{ADE1F069-6B24-4366-96B2-D902F03A6410}.Debug|iPhone.Build.0 = Debug|Any CPU
		{ADE1F069-6B24-4366-96B2-D902F03A6410}.Debug|iPhoneSimulator.ActiveCfg = Debug|Any CPU
		{ADE1F069-6B24-4366-96B2-D902F03A6410}.Debug|iPhoneSimulator.Build.0 = Debug|Any CPU
		{ADE1F069-6B24-4366-96B2-D902F03A6410}.Debug|x64.ActiveCfg = Debug|x64
		{ADE1F069-6B24-4366-96B2-D902F03A6410}.Debug|x64.Build.0 = Debug|x64
		{ADE1F069-6B24-4366-96B2-D902F03A6410}.Debug|x86.ActiveCfg = Debug|x86
		{ADE1F069-6B24-4366-96B2-D902F03A6410}.Debug|x86.Build.0 = Debug|x86
		{ADE1F069-6B24-4366-96B2-D902F03A6410}.Release|Any CPU.ActiveCfg = Release|Any CPU
		{ADE1F069-6B24-4366-96B2-D902F03A6410}.Release|Any CPU.Build.0 = Release|Any CPU
		{ADE1F069-6B24-4366-96B2-D902F03A6410}.Release|ARM.ActiveCfg = Release|ARM
		{ADE1F069-6B24-4366-96B2-D902F03A6410}.Release|ARM.Build.0 = Release|ARM
		{ADE1F069-6B24-4366-96B2-D902F03A6410}.Release|iPhone.ActiveCfg = Release|Any CPU
		{ADE1F069-6B24-4366-96B2-D902F03A6410}.Release|iPhone.Build.0 = Release|Any CPU
		{ADE1F069-6B24-4366-96B2-D902F03A6410}.Release|iPhoneSimulator.ActiveCfg = Release|Any CPU
		{ADE1F069-6B24-4366-96B2-D902F03A6410}.Release|iPhoneSimulator.Build.0 = Release|Any CPU
		{ADE1F069-6B24-4366-96B2-D902F03A6410}.Release|x64.ActiveCfg = Release|x64
		{ADE1F069-6B24-4366-96B2-D902F03A6410}.Release|x64.Build.0 = Release|x64
		{ADE1F069-6B24-4366-96B2-D902F03A6410}.Release|x86.ActiveCfg = Release|x86
		{ADE1F069-6B24-4366-96B2-D902F03A6410}.Release|x86.Build.0 = Release|x86
		{BDED4F59-21AB-4375-A5DF-04A02E569AC6}.Ad-Hoc|Any CPU.ActiveCfg = Release|Any CPU
		{BDED4F59-21AB-4375-A5DF-04A02E569AC6}.Ad-Hoc|Any CPU.Build.0 = Release|Any CPU
		{BDED4F59-21AB-4375-A5DF-04A02E569AC6}.Ad-Hoc|Any CPU.Deploy.0 = Release|Any CPU
		{BDED4F59-21AB-4375-A5DF-04A02E569AC6}.Ad-Hoc|ARM.ActiveCfg = Release|Any CPU
		{BDED4F59-21AB-4375-A5DF-04A02E569AC6}.Ad-Hoc|ARM.Build.0 = Release|Any CPU
		{BDED4F59-21AB-4375-A5DF-04A02E569AC6}.Ad-Hoc|ARM.Deploy.0 = Release|Any CPU
		{BDED4F59-21AB-4375-A5DF-04A02E569AC6}.Ad-Hoc|iPhone.ActiveCfg = Release|Any CPU
		{BDED4F59-21AB-4375-A5DF-04A02E569AC6}.Ad-Hoc|iPhone.Build.0 = Release|Any CPU
		{BDED4F59-21AB-4375-A5DF-04A02E569AC6}.Ad-Hoc|iPhone.Deploy.0 = Release|Any CPU
		{BDED4F59-21AB-4375-A5DF-04A02E569AC6}.Ad-Hoc|iPhoneSimulator.ActiveCfg = Release|Any CPU
		{BDED4F59-21AB-4375-A5DF-04A02E569AC6}.Ad-Hoc|iPhoneSimulator.Build.0 = Release|Any CPU
		{BDED4F59-21AB-4375-A5DF-04A02E569AC6}.Ad-Hoc|iPhoneSimulator.Deploy.0 = Release|Any CPU
		{BDED4F59-21AB-4375-A5DF-04A02E569AC6}.Ad-Hoc|x64.ActiveCfg = Release|Any CPU
		{BDED4F59-21AB-4375-A5DF-04A02E569AC6}.Ad-Hoc|x64.Build.0 = Release|Any CPU
		{BDED4F59-21AB-4375-A5DF-04A02E569AC6}.Ad-Hoc|x64.Deploy.0 = Release|Any CPU
		{BDED4F59-21AB-4375-A5DF-04A02E569AC6}.Ad-Hoc|x86.ActiveCfg = Release|Any CPU
		{BDED4F59-21AB-4375-A5DF-04A02E569AC6}.Ad-Hoc|x86.Build.0 = Release|Any CPU
		{BDED4F59-21AB-4375-A5DF-04A02E569AC6}.Ad-Hoc|x86.Deploy.0 = Release|Any CPU
		{BDED4F59-21AB-4375-A5DF-04A02E569AC6}.AppStore|Any CPU.ActiveCfg = Release|Any CPU
		{BDED4F59-21AB-4375-A5DF-04A02E569AC6}.AppStore|Any CPU.Build.0 = Release|Any CPU
		{BDED4F59-21AB-4375-A5DF-04A02E569AC6}.AppStore|Any CPU.Deploy.0 = Release|Any CPU
		{BDED4F59-21AB-4375-A5DF-04A02E569AC6}.AppStore|ARM.ActiveCfg = Release|Any CPU
		{BDED4F59-21AB-4375-A5DF-04A02E569AC6}.AppStore|ARM.Build.0 = Release|Any CPU
		{BDED4F59-21AB-4375-A5DF-04A02E569AC6}.AppStore|ARM.Deploy.0 = Release|Any CPU
		{BDED4F59-21AB-4375-A5DF-04A02E569AC6}.AppStore|iPhone.ActiveCfg = Release|Any CPU
		{BDED4F59-21AB-4375-A5DF-04A02E569AC6}.AppStore|iPhone.Build.0 = Release|Any CPU
		{BDED4F59-21AB-4375-A5DF-04A02E569AC6}.AppStore|iPhone.Deploy.0 = Release|Any CPU
		{BDED4F59-21AB-4375-A5DF-04A02E569AC6}.AppStore|iPhoneSimulator.ActiveCfg = Release|Any CPU
		{BDED4F59-21AB-4375-A5DF-04A02E569AC6}.AppStore|iPhoneSimulator.Build.0 = Release|Any CPU
		{BDED4F59-21AB-4375-A5DF-04A02E569AC6}.AppStore|iPhoneSimulator.Deploy.0 = Release|Any CPU
		{BDED4F59-21AB-4375-A5DF-04A02E569AC6}.AppStore|x64.ActiveCfg = Release|Any CPU
		{BDED4F59-21AB-4375-A5DF-04A02E569AC6}.AppStore|x64.Build.0 = Release|Any CPU
		{BDED4F59-21AB-4375-A5DF-04A02E569AC6}.AppStore|x64.Deploy.0 = Release|Any CPU
		{BDED4F59-21AB-4375-A5DF-04A02E569AC6}.AppStore|x86.ActiveCfg = Release|Any CPU
		{BDED4F59-21AB-4375-A5DF-04A02E569AC6}.AppStore|x86.Build.0 = Release|Any CPU
		{BDED4F59-21AB-4375-A5DF-04A02E569AC6}.AppStore|x86.Deploy.0 = Release|Any CPU
		{BDED4F59-21AB-4375-A5DF-04A02E569AC6}.Debug|Any CPU.ActiveCfg = Debug|Any CPU
		{BDED4F59-21AB-4375-A5DF-04A02E569AC6}.Debug|Any CPU.Build.0 = Debug|Any CPU
		{BDED4F59-21AB-4375-A5DF-04A02E569AC6}.Debug|Any CPU.Deploy.0 = Debug|Any CPU
		{BDED4F59-21AB-4375-A5DF-04A02E569AC6}.Debug|ARM.ActiveCfg = Debug|Any CPU
		{BDED4F59-21AB-4375-A5DF-04A02E569AC6}.Debug|ARM.Build.0 = Debug|Any CPU
		{BDED4F59-21AB-4375-A5DF-04A02E569AC6}.Debug|ARM.Deploy.0 = Debug|Any CPU
		{BDED4F59-21AB-4375-A5DF-04A02E569AC6}.Debug|iPhone.ActiveCfg = Debug|Any CPU
		{BDED4F59-21AB-4375-A5DF-04A02E569AC6}.Debug|iPhone.Build.0 = Debug|Any CPU
		{BDED4F59-21AB-4375-A5DF-04A02E569AC6}.Debug|iPhone.Deploy.0 = Debug|Any CPU
		{BDED4F59-21AB-4375-A5DF-04A02E569AC6}.Debug|iPhoneSimulator.ActiveCfg = Debug|Any CPU
		{BDED4F59-21AB-4375-A5DF-04A02E569AC6}.Debug|iPhoneSimulator.Build.0 = Debug|Any CPU
		{BDED4F59-21AB-4375-A5DF-04A02E569AC6}.Debug|iPhoneSimulator.Deploy.0 = Debug|Any CPU
		{BDED4F59-21AB-4375-A5DF-04A02E569AC6}.Debug|x64.ActiveCfg = Debug|Any CPU
		{BDED4F59-21AB-4375-A5DF-04A02E569AC6}.Debug|x64.Build.0 = Debug|Any CPU
		{BDED4F59-21AB-4375-A5DF-04A02E569AC6}.Debug|x64.Deploy.0 = Debug|Any CPU
		{BDED4F59-21AB-4375-A5DF-04A02E569AC6}.Debug|x86.ActiveCfg = Debug|Any CPU
		{BDED4F59-21AB-4375-A5DF-04A02E569AC6}.Debug|x86.Build.0 = Debug|Any CPU
		{BDED4F59-21AB-4375-A5DF-04A02E569AC6}.Debug|x86.Deploy.0 = Debug|Any CPU
		{BDED4F59-21AB-4375-A5DF-04A02E569AC6}.Release|Any CPU.ActiveCfg = Release|Any CPU
		{BDED4F59-21AB-4375-A5DF-04A02E569AC6}.Release|Any CPU.Build.0 = Release|Any CPU
		{BDED4F59-21AB-4375-A5DF-04A02E569AC6}.Release|Any CPU.Deploy.0 = Release|Any CPU
		{BDED4F59-21AB-4375-A5DF-04A02E569AC6}.Release|ARM.ActiveCfg = Release|Any CPU
		{BDED4F59-21AB-4375-A5DF-04A02E569AC6}.Release|ARM.Build.0 = Release|Any CPU
		{BDED4F59-21AB-4375-A5DF-04A02E569AC6}.Release|ARM.Deploy.0 = Release|Any CPU
		{BDED4F59-21AB-4375-A5DF-04A02E569AC6}.Release|iPhone.ActiveCfg = Release|Any CPU
		{BDED4F59-21AB-4375-A5DF-04A02E569AC6}.Release|iPhone.Build.0 = Release|Any CPU
		{BDED4F59-21AB-4375-A5DF-04A02E569AC6}.Release|iPhone.Deploy.0 = Release|Any CPU
		{BDED4F59-21AB-4375-A5DF-04A02E569AC6}.Release|iPhoneSimulator.ActiveCfg = Release|Any CPU
		{BDED4F59-21AB-4375-A5DF-04A02E569AC6}.Release|iPhoneSimulator.Build.0 = Release|Any CPU
		{BDED4F59-21AB-4375-A5DF-04A02E569AC6}.Release|iPhoneSimulator.Deploy.0 = Release|Any CPU
		{BDED4F59-21AB-4375-A5DF-04A02E569AC6}.Release|x64.ActiveCfg = Release|Any CPU
		{BDED4F59-21AB-4375-A5DF-04A02E569AC6}.Release|x64.Build.0 = Release|Any CPU
		{BDED4F59-21AB-4375-A5DF-04A02E569AC6}.Release|x64.Deploy.0 = Release|Any CPU
		{BDED4F59-21AB-4375-A5DF-04A02E569AC6}.Release|x86.ActiveCfg = Release|Any CPU
		{BDED4F59-21AB-4375-A5DF-04A02E569AC6}.Release|x86.Build.0 = Release|Any CPU
		{BDED4F59-21AB-4375-A5DF-04A02E569AC6}.Release|x86.Deploy.0 = Release|Any CPU
		{0E460230-B0BF-4784-A0C0-77CFCB200145}.Ad-Hoc|Any CPU.ActiveCfg = Release|Any CPU
		{0E460230-B0BF-4784-A0C0-77CFCB200145}.Ad-Hoc|Any CPU.Build.0 = Release|Any CPU
		{0E460230-B0BF-4784-A0C0-77CFCB200145}.Ad-Hoc|ARM.ActiveCfg = Release|Any CPU
		{0E460230-B0BF-4784-A0C0-77CFCB200145}.Ad-Hoc|ARM.Build.0 = Release|Any CPU
		{0E460230-B0BF-4784-A0C0-77CFCB200145}.Ad-Hoc|iPhone.ActiveCfg = Release|Any CPU
		{0E460230-B0BF-4784-A0C0-77CFCB200145}.Ad-Hoc|iPhone.Build.0 = Release|Any CPU
		{0E460230-B0BF-4784-A0C0-77CFCB200145}.Ad-Hoc|iPhoneSimulator.ActiveCfg = Release|Any CPU
		{0E460230-B0BF-4784-A0C0-77CFCB200145}.Ad-Hoc|iPhoneSimulator.Build.0 = Release|Any CPU
		{0E460230-B0BF-4784-A0C0-77CFCB200145}.Ad-Hoc|x64.ActiveCfg = Release|Any CPU
		{0E460230-B0BF-4784-A0C0-77CFCB200145}.Ad-Hoc|x64.Build.0 = Release|Any CPU
		{0E460230-B0BF-4784-A0C0-77CFCB200145}.Ad-Hoc|x86.ActiveCfg = Release|Any CPU
		{0E460230-B0BF-4784-A0C0-77CFCB200145}.Ad-Hoc|x86.Build.0 = Release|Any CPU
		{0E460230-B0BF-4784-A0C0-77CFCB200145}.AppStore|Any CPU.ActiveCfg = Release|Any CPU
		{0E460230-B0BF-4784-A0C0-77CFCB200145}.AppStore|Any CPU.Build.0 = Release|Any CPU
		{0E460230-B0BF-4784-A0C0-77CFCB200145}.AppStore|ARM.ActiveCfg = Release|Any CPU
		{0E460230-B0BF-4784-A0C0-77CFCB200145}.AppStore|ARM.Build.0 = Release|Any CPU
		{0E460230-B0BF-4784-A0C0-77CFCB200145}.AppStore|iPhone.ActiveCfg = Release|Any CPU
		{0E460230-B0BF-4784-A0C0-77CFCB200145}.AppStore|iPhone.Build.0 = Release|Any CPU
		{0E460230-B0BF-4784-A0C0-77CFCB200145}.AppStore|iPhoneSimulator.ActiveCfg = Release|Any CPU
		{0E460230-B0BF-4784-A0C0-77CFCB200145}.AppStore|iPhoneSimulator.Build.0 = Release|Any CPU
		{0E460230-B0BF-4784-A0C0-77CFCB200145}.AppStore|x64.ActiveCfg = Release|Any CPU
		{0E460230-B0BF-4784-A0C0-77CFCB200145}.AppStore|x64.Build.0 = Release|Any CPU
		{0E460230-B0BF-4784-A0C0-77CFCB200145}.AppStore|x86.ActiveCfg = Release|Any CPU
		{0E460230-B0BF-4784-A0C0-77CFCB200145}.AppStore|x86.Build.0 = Release|Any CPU
		{0E460230-B0BF-4784-A0C0-77CFCB200145}.Debug|Any CPU.ActiveCfg = Debug|Any CPU
		{0E460230-B0BF-4784-A0C0-77CFCB200145}.Debug|Any CPU.Build.0 = Debug|Any CPU
		{0E460230-B0BF-4784-A0C0-77CFCB200145}.Debug|ARM.ActiveCfg = Debug|Any CPU
		{0E460230-B0BF-4784-A0C0-77CFCB200145}.Debug|ARM.Build.0 = Debug|Any CPU
		{0E460230-B0BF-4784-A0C0-77CFCB200145}.Debug|iPhone.ActiveCfg = Debug|Any CPU
		{0E460230-B0BF-4784-A0C0-77CFCB200145}.Debug|iPhone.Build.0 = Debug|Any CPU
		{0E460230-B0BF-4784-A0C0-77CFCB200145}.Debug|iPhoneSimulator.ActiveCfg = Debug|Any CPU
		{0E460230-B0BF-4784-A0C0-77CFCB200145}.Debug|iPhoneSimulator.Build.0 = Debug|Any CPU
		{0E460230-B0BF-4784-A0C0-77CFCB200145}.Debug|x64.ActiveCfg = Debug|Any CPU
		{0E460230-B0BF-4784-A0C0-77CFCB200145}.Debug|x64.Build.0 = Debug|Any CPU
		{0E460230-B0BF-4784-A0C0-77CFCB200145}.Debug|x86.ActiveCfg = Debug|Any CPU
		{0E460230-B0BF-4784-A0C0-77CFCB200145}.Debug|x86.Build.0 = Debug|Any CPU
		{0E460230-B0BF-4784-A0C0-77CFCB200145}.Release|Any CPU.ActiveCfg = Release|Any CPU
		{0E460230-B0BF-4784-A0C0-77CFCB200145}.Release|Any CPU.Build.0 = Release|Any CPU
		{0E460230-B0BF-4784-A0C0-77CFCB200145}.Release|ARM.ActiveCfg = Release|Any CPU
		{0E460230-B0BF-4784-A0C0-77CFCB200145}.Release|ARM.Build.0 = Release|Any CPU
		{0E460230-B0BF-4784-A0C0-77CFCB200145}.Release|iPhone.ActiveCfg = Release|Any CPU
		{0E460230-B0BF-4784-A0C0-77CFCB200145}.Release|iPhone.Build.0 = Release|Any CPU
		{0E460230-B0BF-4784-A0C0-77CFCB200145}.Release|iPhoneSimulator.ActiveCfg = Release|Any CPU
		{0E460230-B0BF-4784-A0C0-77CFCB200145}.Release|iPhoneSimulator.Build.0 = Release|Any CPU
		{0E460230-B0BF-4784-A0C0-77CFCB200145}.Release|x64.ActiveCfg = Release|Any CPU
		{0E460230-B0BF-4784-A0C0-77CFCB200145}.Release|x64.Build.0 = Release|Any CPU
		{0E460230-B0BF-4784-A0C0-77CFCB200145}.Release|x86.ActiveCfg = Release|Any CPU
		{0E460230-B0BF-4784-A0C0-77CFCB200145}.Release|x86.Build.0 = Release|Any CPU
		{415714C8-3546-410C-AFF1-BF7BF104E37A}.Ad-Hoc|Any CPU.ActiveCfg = Release|x86
		{415714C8-3546-410C-AFF1-BF7BF104E37A}.Ad-Hoc|Any CPU.Build.0 = Release|x86
		{415714C8-3546-410C-AFF1-BF7BF104E37A}.Ad-Hoc|Any CPU.Deploy.0 = Release|x86
		{415714C8-3546-410C-AFF1-BF7BF104E37A}.Ad-Hoc|ARM.ActiveCfg = Release|ARM
		{415714C8-3546-410C-AFF1-BF7BF104E37A}.Ad-Hoc|ARM.Build.0 = Release|ARM
		{415714C8-3546-410C-AFF1-BF7BF104E37A}.Ad-Hoc|ARM.Deploy.0 = Release|ARM
		{415714C8-3546-410C-AFF1-BF7BF104E37A}.Ad-Hoc|iPhone.ActiveCfg = Release|x86
		{415714C8-3546-410C-AFF1-BF7BF104E37A}.Ad-Hoc|iPhone.Build.0 = Release|x86
		{415714C8-3546-410C-AFF1-BF7BF104E37A}.Ad-Hoc|iPhone.Deploy.0 = Release|x86
		{415714C8-3546-410C-AFF1-BF7BF104E37A}.Ad-Hoc|iPhoneSimulator.ActiveCfg = Release|x86
		{415714C8-3546-410C-AFF1-BF7BF104E37A}.Ad-Hoc|iPhoneSimulator.Build.0 = Release|x86
		{415714C8-3546-410C-AFF1-BF7BF104E37A}.Ad-Hoc|iPhoneSimulator.Deploy.0 = Release|x86
		{415714C8-3546-410C-AFF1-BF7BF104E37A}.Ad-Hoc|x64.ActiveCfg = Release|x64
		{415714C8-3546-410C-AFF1-BF7BF104E37A}.Ad-Hoc|x64.Build.0 = Release|x64
		{415714C8-3546-410C-AFF1-BF7BF104E37A}.Ad-Hoc|x64.Deploy.0 = Release|x64
		{415714C8-3546-410C-AFF1-BF7BF104E37A}.Ad-Hoc|x86.ActiveCfg = Release|x86
		{415714C8-3546-410C-AFF1-BF7BF104E37A}.Ad-Hoc|x86.Build.0 = Release|x86
		{415714C8-3546-410C-AFF1-BF7BF104E37A}.Ad-Hoc|x86.Deploy.0 = Release|x86
		{415714C8-3546-410C-AFF1-BF7BF104E37A}.AppStore|Any CPU.ActiveCfg = Release|x86
		{415714C8-3546-410C-AFF1-BF7BF104E37A}.AppStore|Any CPU.Build.0 = Release|x86
		{415714C8-3546-410C-AFF1-BF7BF104E37A}.AppStore|Any CPU.Deploy.0 = Release|x86
		{415714C8-3546-410C-AFF1-BF7BF104E37A}.AppStore|ARM.ActiveCfg = Release|ARM
		{415714C8-3546-410C-AFF1-BF7BF104E37A}.AppStore|ARM.Build.0 = Release|ARM
		{415714C8-3546-410C-AFF1-BF7BF104E37A}.AppStore|ARM.Deploy.0 = Release|ARM
		{415714C8-3546-410C-AFF1-BF7BF104E37A}.AppStore|iPhone.ActiveCfg = Release|x86
		{415714C8-3546-410C-AFF1-BF7BF104E37A}.AppStore|iPhone.Build.0 = Release|x86
		{415714C8-3546-410C-AFF1-BF7BF104E37A}.AppStore|iPhone.Deploy.0 = Release|x86
		{415714C8-3546-410C-AFF1-BF7BF104E37A}.AppStore|iPhoneSimulator.ActiveCfg = Release|x86
		{415714C8-3546-410C-AFF1-BF7BF104E37A}.AppStore|iPhoneSimulator.Build.0 = Release|x86
		{415714C8-3546-410C-AFF1-BF7BF104E37A}.AppStore|iPhoneSimulator.Deploy.0 = Release|x86
		{415714C8-3546-410C-AFF1-BF7BF104E37A}.AppStore|x64.ActiveCfg = Release|x64
		{415714C8-3546-410C-AFF1-BF7BF104E37A}.AppStore|x64.Build.0 = Release|x64
		{415714C8-3546-410C-AFF1-BF7BF104E37A}.AppStore|x64.Deploy.0 = Release|x64
		{415714C8-3546-410C-AFF1-BF7BF104E37A}.AppStore|x86.ActiveCfg = Release|x86
		{415714C8-3546-410C-AFF1-BF7BF104E37A}.AppStore|x86.Build.0 = Release|x86
		{415714C8-3546-410C-AFF1-BF7BF104E37A}.AppStore|x86.Deploy.0 = Release|x86
		{415714C8-3546-410C-AFF1-BF7BF104E37A}.Debug|Any CPU.ActiveCfg = Debug|x86
		{415714C8-3546-410C-AFF1-BF7BF104E37A}.Debug|ARM.ActiveCfg = Debug|ARM
		{415714C8-3546-410C-AFF1-BF7BF104E37A}.Debug|ARM.Build.0 = Debug|ARM
		{415714C8-3546-410C-AFF1-BF7BF104E37A}.Debug|ARM.Deploy.0 = Debug|ARM
		{415714C8-3546-410C-AFF1-BF7BF104E37A}.Debug|iPhone.ActiveCfg = Debug|x86
		{415714C8-3546-410C-AFF1-BF7BF104E37A}.Debug|iPhoneSimulator.ActiveCfg = Debug|x86
		{415714C8-3546-410C-AFF1-BF7BF104E37A}.Debug|x64.ActiveCfg = Debug|x64
		{415714C8-3546-410C-AFF1-BF7BF104E37A}.Debug|x64.Build.0 = Debug|x64
		{415714C8-3546-410C-AFF1-BF7BF104E37A}.Debug|x64.Deploy.0 = Debug|x64
		{415714C8-3546-410C-AFF1-BF7BF104E37A}.Debug|x86.ActiveCfg = Debug|x86
		{415714C8-3546-410C-AFF1-BF7BF104E37A}.Debug|x86.Build.0 = Debug|x86
		{415714C8-3546-410C-AFF1-BF7BF104E37A}.Debug|x86.Deploy.0 = Debug|x86
		{415714C8-3546-410C-AFF1-BF7BF104E37A}.Release|Any CPU.ActiveCfg = Release|x86
		{415714C8-3546-410C-AFF1-BF7BF104E37A}.Release|ARM.ActiveCfg = Release|ARM
		{415714C8-3546-410C-AFF1-BF7BF104E37A}.Release|ARM.Build.0 = Release|ARM
		{415714C8-3546-410C-AFF1-BF7BF104E37A}.Release|ARM.Deploy.0 = Release|ARM
		{415714C8-3546-410C-AFF1-BF7BF104E37A}.Release|iPhone.ActiveCfg = Release|x86
		{415714C8-3546-410C-AFF1-BF7BF104E37A}.Release|iPhoneSimulator.ActiveCfg = Release|x86
		{415714C8-3546-410C-AFF1-BF7BF104E37A}.Release|x64.ActiveCfg = Release|x64
		{415714C8-3546-410C-AFF1-BF7BF104E37A}.Release|x64.Build.0 = Release|x64
		{415714C8-3546-410C-AFF1-BF7BF104E37A}.Release|x64.Deploy.0 = Release|x64
		{415714C8-3546-410C-AFF1-BF7BF104E37A}.Release|x86.ActiveCfg = Release|x86
		{415714C8-3546-410C-AFF1-BF7BF104E37A}.Release|x86.Build.0 = Release|x86
		{415714C8-3546-410C-AFF1-BF7BF104E37A}.Release|x86.Deploy.0 = Release|x86
		{F8FDEC11-C2E0-4431-8732-CB2DDA27D5CB}.Ad-Hoc|Any CPU.ActiveCfg = Ad-Hoc|iPhone
		{F8FDEC11-C2E0-4431-8732-CB2DDA27D5CB}.Ad-Hoc|ARM.ActiveCfg = Ad-Hoc|iPhone
		{F8FDEC11-C2E0-4431-8732-CB2DDA27D5CB}.Ad-Hoc|iPhone.ActiveCfg = Ad-Hoc|iPhone
		{F8FDEC11-C2E0-4431-8732-CB2DDA27D5CB}.Ad-Hoc|iPhone.Build.0 = Ad-Hoc|iPhone
		{F8FDEC11-C2E0-4431-8732-CB2DDA27D5CB}.Ad-Hoc|iPhoneSimulator.ActiveCfg = Ad-Hoc|iPhoneSimulator
		{F8FDEC11-C2E0-4431-8732-CB2DDA27D5CB}.Ad-Hoc|iPhoneSimulator.Build.0 = Ad-Hoc|iPhoneSimulator
		{F8FDEC11-C2E0-4431-8732-CB2DDA27D5CB}.Ad-Hoc|x64.ActiveCfg = Ad-Hoc|iPhone
		{F8FDEC11-C2E0-4431-8732-CB2DDA27D5CB}.Ad-Hoc|x86.ActiveCfg = Ad-Hoc|iPhone
		{F8FDEC11-C2E0-4431-8732-CB2DDA27D5CB}.AppStore|Any CPU.ActiveCfg = AppStore|iPhone
		{F8FDEC11-C2E0-4431-8732-CB2DDA27D5CB}.AppStore|ARM.ActiveCfg = AppStore|iPhone
		{F8FDEC11-C2E0-4431-8732-CB2DDA27D5CB}.AppStore|iPhone.ActiveCfg = AppStore|iPhone
		{F8FDEC11-C2E0-4431-8732-CB2DDA27D5CB}.AppStore|iPhone.Build.0 = AppStore|iPhone
		{F8FDEC11-C2E0-4431-8732-CB2DDA27D5CB}.AppStore|iPhoneSimulator.ActiveCfg = AppStore|iPhoneSimulator
		{F8FDEC11-C2E0-4431-8732-CB2DDA27D5CB}.AppStore|iPhoneSimulator.Build.0 = AppStore|iPhoneSimulator
		{F8FDEC11-C2E0-4431-8732-CB2DDA27D5CB}.AppStore|x64.ActiveCfg = AppStore|iPhone
		{F8FDEC11-C2E0-4431-8732-CB2DDA27D5CB}.AppStore|x86.ActiveCfg = AppStore|iPhone
		{F8FDEC11-C2E0-4431-8732-CB2DDA27D5CB}.Debug|Any CPU.ActiveCfg = Debug|iPhone
		{F8FDEC11-C2E0-4431-8732-CB2DDA27D5CB}.Debug|ARM.ActiveCfg = Debug|iPhone
		{F8FDEC11-C2E0-4431-8732-CB2DDA27D5CB}.Debug|iPhone.ActiveCfg = Debug|iPhone
		{F8FDEC11-C2E0-4431-8732-CB2DDA27D5CB}.Debug|iPhone.Build.0 = Debug|iPhone
		{F8FDEC11-C2E0-4431-8732-CB2DDA27D5CB}.Debug|iPhoneSimulator.ActiveCfg = Debug|iPhoneSimulator
		{F8FDEC11-C2E0-4431-8732-CB2DDA27D5CB}.Debug|iPhoneSimulator.Build.0 = Debug|iPhoneSimulator
		{F8FDEC11-C2E0-4431-8732-CB2DDA27D5CB}.Debug|x64.ActiveCfg = Debug|iPhone
		{F8FDEC11-C2E0-4431-8732-CB2DDA27D5CB}.Debug|x86.ActiveCfg = Debug|iPhone
		{F8FDEC11-C2E0-4431-8732-CB2DDA27D5CB}.Release|Any CPU.ActiveCfg = Release|iPhone
		{F8FDEC11-C2E0-4431-8732-CB2DDA27D5CB}.Release|ARM.ActiveCfg = Release|iPhone
		{F8FDEC11-C2E0-4431-8732-CB2DDA27D5CB}.Release|iPhone.ActiveCfg = Release|iPhone
		{F8FDEC11-C2E0-4431-8732-CB2DDA27D5CB}.Release|iPhone.Build.0 = Release|iPhone
		{F8FDEC11-C2E0-4431-8732-CB2DDA27D5CB}.Release|iPhoneSimulator.ActiveCfg = Release|iPhoneSimulator
		{F8FDEC11-C2E0-4431-8732-CB2DDA27D5CB}.Release|iPhoneSimulator.Build.0 = Release|iPhoneSimulator
		{F8FDEC11-C2E0-4431-8732-CB2DDA27D5CB}.Release|x64.ActiveCfg = Release|iPhone
		{F8FDEC11-C2E0-4431-8732-CB2DDA27D5CB}.Release|x86.ActiveCfg = Release|iPhone
	EndGlobalSection
	GlobalSection(SolutionProperties) = preSolution
		HideSolutionNode = FALSE
	EndGlobalSection
	GlobalSection(NestedProjects) = preSolution
		{BDED4F59-21AB-4375-A5DF-04A02E569AC6} = {C315E9C3-5473-45B9-AD7B-89770C80884A}
		{0E460230-B0BF-4784-A0C0-77CFCB200145} = {C315E9C3-5473-45B9-AD7B-89770C80884A}
		{415714C8-3546-410C-AFF1-BF7BF104E37A} = {C315E9C3-5473-45B9-AD7B-89770C80884A}
		{F8FDEC11-C2E0-4431-8732-CB2DDA27D5CB} = {C315E9C3-5473-45B9-AD7B-89770C80884A}
	EndGlobalSection
EndGlobal
